lockfileVersion: '9.0'

settings:
  autoInstallPeers: true
  excludeLinksFromLockfile: false

importers:

  .:
    dependencies:
      react:
        specifier: ^19.1.0
        version: 19.1.0
      react-dom:
        specifier: ^19.1.0
        version: 19.1.0(react@19.1.0)
      react-router-dom:
        specifier: ^7.6.3
        version: 7.6.3(react-dom@19.1.0(react@19.1.0))(react@19.1.0)
    devDependencies:
      '@biomejs/biome':
        specifier: 2.1.1
        version: 2.1.1
      '@types/react':
        specifier: ^19.1.8
        version: 19.1.8
      '@types/react-dom':
        specifier: ^19.1.6
        version: 19.1.6(@types/react@19.1.8)
      '@vitejs/plugin-react':
        specifier: ^4.6.0
        version: 4.6.0(vite@7.0.4(sass-embedded@1.89.2))
      globals:
        specifier: ^16.3.0
        version: 16.3.0
      sass-embedded:
        specifier: ^1.89.2
        version: 1.89.2
      typescript:
        specifier: ~5.8.3
        version: 5.8.3
      vite:
        specifier: ^7.0.4
        version: 7.0.4(sass-embedded@1.89.2)

packages:

  '@ampproject/remapping@2.3.0':
    resolution: {integrity: sha1-7UQbb6YAByUgzhi0PSyMyMrsx/Q=}
    engines: {node: '>=6.0.0'}

  '@babel/code-frame@7.27.1':
    resolution: {integrity: sha1-IA9xXmbVKiOyIalDVTSpHME61b4=}
    engines: {node: '>=6.9.0'}

  '@babel/compat-data@7.28.0':
    resolution: {integrity: sha1-n8b9WMKmoVJDzROYMiSWg5IHB5A=}
    engines: {node: '>=6.9.0'}

  '@babel/core@7.28.0':
    resolution: {integrity: sha1-VdrYCNW/NEWhCO78iOo/3wNHSaQ=}
    engines: {node: '>=6.9.0'}

  '@babel/generator@7.28.0':
    resolution: {integrity: sha1-nML3vW6wVNd9xmwmZBSKDFEYrNI=}
    engines: {node: '>=6.9.0'}

  '@babel/helper-compilation-targets@7.27.2':
    resolution: {integrity: sha1-RqD276uAjVHSnOloWN0Qzocycz0=}
    engines: {node: '>=6.9.0'}

  '@babel/helper-globals@7.28.0':
    resolution: {integrity: sha1-uUMN8qpOF7woZl6t6uiqHZheZnQ=}
    engines: {node: '>=6.9.0'}

  '@babel/helper-module-imports@7.27.1':
    resolution: {integrity: sha1-fvdpoyPiZV4SZnO7bS1pE7vq0gQ=}
    engines: {node: '>=6.9.0'}

  '@babel/helper-module-transforms@7.27.3':
    resolution: {integrity: sha1-2wu8+6WAL573hwcFp++HiFCO3gI=}
    engines: {node: '>=6.9.0'}
    peerDependencies:
      '@babel/core': ^7.0.0

  '@babel/helper-plugin-utils@7.27.1':
    resolution: {integrity: sha1-3bL4dlNP+AE+bCspm/TTmzxR1Ew=}
    engines: {node: '>=6.9.0'}

  '@babel/helper-string-parser@7.27.1':
    resolution: {integrity: sha1-VNp5YJerGc5n7Z+ItHuy7Ek2doc=}
    engines: {node: '>=6.9.0'}

  '@babel/helper-validator-identifier@7.27.1':
    resolution: {integrity: sha1-pwVNzBRaln3U3I/uhFpXwTFsnfg=}
    engines: {node: '>=6.9.0'}

  '@babel/helper-validator-option@7.27.1':
    resolution: {integrity: sha1-+lL1sefbGrBJRFtCHERxMDiXcC8=}
    engines: {node: '>=6.9.0'}

  '@babel/helpers@7.27.6':
    resolution: {integrity: sha1-ZFb+0VsstmnS0fq+hLZrNJkdgSw=}
    engines: {node: '>=6.9.0'}

  '@babel/parser@7.28.0':
    resolution: {integrity: sha1-l5gp+6tRop4TkB5agHE9vLhAgl4=}
    engines: {node: '>=6.0.0'}
    hasBin: true

  '@babel/plugin-transform-react-jsx-self@7.27.1':
    resolution: {integrity: sha1-r2eNhQas9SxXfKxz/3/mYVyF/JI=}
    engines: {node: '>=6.9.0'}
    peerDependencies:
      '@babel/core': ^7.0.0-0

  '@babel/plugin-transform-react-jsx-source@7.27.1':
    resolution: {integrity: sha1-3P4sJAlLt1e/c5YDdOfFXkNPGfA=}
    engines: {node: '>=6.9.0'}
    peerDependencies:
      '@babel/core': ^7.0.0-0

  '@babel/template@7.27.2':
    resolution: {integrity: sha1-+njO7TxOe2Pr9ss55YUvykX2gJ0=}
    engines: {node: '>=6.9.0'}

  '@babel/traverse@7.28.0':
    resolution: {integrity: sha1-UYqhEzWbBiBCN54zPbGDgLU340s=}
    engines: {node: '>=6.9.0'}

  '@babel/types@7.28.1':
    resolution: {integrity: sha1-Kq88ELMboDp3rIT1KzkSoO3vTPk=}
    engines: {node: '>=6.9.0'}

  '@biomejs/biome@2.1.1':
    resolution: {integrity: sha1-U7kxfTVq7wGmELRspFdKm7TKAJQ=}
    engines: {node: '>=14.21.3'}
    hasBin: true

  '@biomejs/cli-darwin-arm64@2.1.1':
    resolution: {integrity: sha1-vwowSQi+QX6zYCgy55RYPEBRZJ4=}
    engines: {node: '>=14.21.3'}
    cpu: [arm64]
    os: [darwin]

  '@biomejs/cli-darwin-x64@2.1.1':
    resolution: {integrity: sha1-R6BmsPxSUb4vJE/5Zg7bPkwnKIY=}
    engines: {node: '>=14.21.3'}
    cpu: [x64]
    os: [darwin]

  '@biomejs/cli-linux-arm64-musl@2.1.1':
    resolution: {integrity: sha1-xPCqXMKQs1lCNhN5CE9zHdxaWWs=}
    engines: {node: '>=14.21.3'}
    cpu: [arm64]
    os: [linux]
    libc: [musl]

  '@biomejs/cli-linux-arm64@2.1.1':
    resolution: {integrity: sha1-kmsEcKZ+1TguUapsdjWylHPuJhk=}
    engines: {node: '>=14.21.3'}
    cpu: [arm64]
    os: [linux]
    libc: [glibc]

  '@biomejs/cli-linux-x64-musl@2.1.1':
    resolution: {integrity: sha1-fJ0s1hJkfDFPzQw0D5bWyPeewb0=}
    engines: {node: '>=14.21.3'}
    cpu: [x64]
    os: [linux]
    libc: [musl]

  '@biomejs/cli-linux-x64@2.1.1':
    resolution: {integrity: sha1-BwUkVd9SDSdVbt+KDssqKYOuqq8=}
    engines: {node: '>=14.21.3'}
    cpu: [x64]
    os: [linux]
    libc: [glibc]

  '@biomejs/cli-win32-arm64@2.1.1':
    resolution: {integrity: sha1-PmTfqIQrI5446vxsGrxlLTVmVHo=}
    engines: {node: '>=14.21.3'}
    cpu: [arm64]
    os: [win32]

  '@biomejs/cli-win32-x64@2.1.1':
    resolution: {integrity: sha1-vHDKIn1/r0JpZUQB7ppQ7m1eRos=}
    engines: {node: '>=14.21.3'}
    cpu: [x64]
    os: [win32]

  '@bufbuild/protobuf@2.6.0':
    resolution: {integrity: sha1-gvEMvS7/R7HpGWlndJsm+Ra4COg=}

  '@esbuild/aix-ppc64@0.25.6':
    resolution: {integrity: sha1-FksZEi4u1U+FRp353qmN2wHV554=}
    engines: {node: '>=18'}
    cpu: [ppc64]
    os: [aix]

  '@esbuild/android-arm64@0.25.6':
    resolution: {integrity: sha1-j1Oefe+Ej3ZPZDJZjlHMOCD946U=}
    engines: {node: '>=18'}
    cpu: [arm64]
    os: [android]

  '@esbuild/android-arm@0.25.6':
    resolution: {integrity: sha1-TOsPQBE+mGEWm+g+KmcMJg3SNP8=}
    engines: {node: '>=18'}
    cpu: [arm]
    os: [android]

  '@esbuild/android-x64@0.25.6':
    resolution: {integrity: sha1-rU8oAFdiLCX+mFwImZRDoZXcY6g=}
    engines: {node: '>=18'}
    cpu: [x64]
    os: [android]

  '@esbuild/darwin-arm64@0.25.6':
    resolution: {integrity: sha1-0fBAJzlrPWr8lrrNDRMWff2fAfc=}
    engines: {node: '>=18'}
    cpu: [arm64]
    os: [darwin]

  '@esbuild/darwin-x64@0.25.6':
    resolution: {integrity: sha1-K0ps7beZ9jV1jXgy11sjdyyO9o8=}
    engines: {node: '>=18'}
    cpu: [x64]
    os: [darwin]

  '@esbuild/freebsd-arm64@0.25.6':
    resolution: {integrity: sha1-omJmzJfdeNw8Pz1niLG4NpexBV0=}
    engines: {node: '>=18'}
    cpu: [arm64]
    os: [freebsd]

  '@esbuild/freebsd-x64@0.25.6':
    resolution: {integrity: sha1-n+uOgmc1xWjr/ZSFmyKj+7apvdI=}
    engines: {node: '>=18'}
    cpu: [x64]
    os: [freebsd]

  '@esbuild/linux-arm64@0.25.6':
    resolution: {integrity: sha1-wHy+2OJJ9MKOfzJ4HTb8RpUpPSg=}
    engines: {node: '>=18'}
    cpu: [arm64]
    os: [linux]

  '@esbuild/linux-arm@0.25.6':
    resolution: {integrity: sha1-1uLNjvMZZGgGXUHxP6KmGqpyZEo=}
    engines: {node: '>=18'}
    cpu: [arm]
    os: [linux]

  '@esbuild/linux-ia32@0.25.6':
    resolution: {integrity: sha1-Pmgr1HxO3cxLjxOT38giJILxeZc=}
    engines: {node: '>=18'}
    cpu: [ia32]
    os: [linux]

  '@esbuild/linux-loong64@0.25.6':
    resolution: {integrity: sha1-Rz9eouUjmcCK1M1rEubbzd1jDwU=}
    engines: {node: '>=18'}
    cpu: [loong64]
    os: [linux]

  '@esbuild/linux-mips64el@0.25.6':
    resolution: {integrity: sha1-mWBjHJ/WFgWwk5wZBDrPTvK1Fxg=}
    engines: {node: '>=18'}
    cpu: [mips64el]
    os: [linux]

  '@esbuild/linux-ppc64@0.25.6':
    resolution: {integrity: sha1-R3y/i7BKoDS5TzYsMshrXDHbjT4=}
    engines: {node: '>=18'}
    cpu: [ppc64]
    os: [linux]

  '@esbuild/linux-riscv64@0.25.6':
    resolution: {integrity: sha1-vNtGyPuOk6p3npoKYs1KwA3KxiY=}
    engines: {node: '>=18'}
    cpu: [riscv64]
    os: [linux]

  '@esbuild/linux-s390x@0.25.6':
    resolution: {integrity: sha1-9BLPX98K6oSf9Rxz/YF8bAI01G0=}
    engines: {node: '>=18'}
    cpu: [s390x]
    os: [linux]

  '@esbuild/linux-x64@0.25.6':
    resolution: {integrity: sha1-2CM8CbXrwMhVcS3F7rg1o6M0EQg=}
    engines: {node: '>=18'}
    cpu: [x64]
    os: [linux]

  '@esbuild/netbsd-arm64@0.25.6':
    resolution: {integrity: sha1-9Rro3RR0Fy5zz5y6+KONHHLdjxo=}
    engines: {node: '>=18'}
    cpu: [arm64]
    os: [netbsd]

  '@esbuild/netbsd-x64@0.25.6':
    resolution: {integrity: sha1-omdThgLA5QqFjPQdz+XYA2+NqOc=}
    engines: {node: '>=18'}
    cpu: [x64]
    os: [netbsd]

  '@esbuild/openbsd-arm64@0.25.6':
    resolution: {integrity: sha1-pRvmDEJbhcIWR5uMNErQURY18tI=}
    engines: {node: '>=18'}
    cpu: [arm64]
    os: [openbsd]

  '@esbuild/openbsd-x64@0.25.6':
    resolution: {integrity: sha1-fkp0PHP3VWLikiO6adC+bJyQCNo=}
    engines: {node: '>=18'}
    cpu: [x64]
    os: [openbsd]

  '@esbuild/openharmony-arm64@0.25.6':
    resolution: {integrity: sha1-IIelAo84eHkVTr9Eve36+hdoLls=}
    engines: {node: '>=18'}
    cpu: [arm64]
    os: [openharmony]

  '@esbuild/sunos-x64@0.25.6':
    resolution: {integrity: sha1-VlMfhhcj6g3GKDoruINzBCI8tzY=}
    engines: {node: '>=18'}
    cpu: [x64]
    os: [sunos]

  '@esbuild/win32-arm64@0.25.6':
    resolution: {integrity: sha1-9JifAz3qxvrjI6z/WHZPqLwBQ24=}
    engines: {node: '>=18'}
    cpu: [arm64]
    os: [win32]

  '@esbuild/win32-ia32@0.25.6':
    resolution: {integrity: sha1-smDp33Hjk56zOSUHbTn2POx9FSU=}
    engines: {node: '>=18'}
    cpu: [ia32]
    os: [win32]

  '@esbuild/win32-x64@0.25.6':
    resolution: {integrity: sha1-Qnbt1cEFvCixHGofdvudKdG9JcE=}
    engines: {node: '>=18'}
    cpu: [x64]
    os: [win32]

  '@jridgewell/gen-mapping@0.3.12':
    resolution: {integrity: sha1-IjTOJsYoifA9s9f+pDwZMqs+kns=}

  '@jridgewell/resolve-uri@3.1.2':
    resolution: {integrity: sha1-eg7mAfYPmaIMfHxf8MgDiMEYm9Y=}
    engines: {node: '>=6.0.0'}

  '@jridgewell/sourcemap-codec@1.5.4':
    resolution: {integrity: sha1-c1gENDOy5dpWmqAsvEwSHaOvJ9c=}

  '@jridgewell/trace-mapping@0.3.29':
    resolution: {integrity: sha1-pY0x6q2vksZpVoCy4dRkqbj79/w=}

  '@rolldown/pluginutils@1.0.0-beta.19':
    resolution: {integrity: sha1-/DuVFFqOejv5J1QmnY5PQO6ookQ=}

  '@rollup/rollup-android-arm-eabi@4.45.0':
    resolution: {integrity: sha1-BZIlL3VQvA6gR0u1oiQwhQ+Svb0=}
    cpu: [arm]
    os: [android]

  '@rollup/rollup-android-arm64@4.45.0':
    resolution: {integrity: sha1-AKUdHUOAzGd9qArJ2hoZ54Br9X4=}
    cpu: [arm64]
    os: [android]

  '@rollup/rollup-darwin-arm64@4.45.0':
    resolution: {integrity: sha1-ZjgpndKC694evffcWw8VCqbiVuU=}
    cpu: [arm64]
    os: [darwin]

  '@rollup/rollup-darwin-x64@4.45.0':
    resolution: {integrity: sha1-M+YdqgpmiQBZZI/tp44QddTqG8s=}
    cpu: [x64]
    os: [darwin]

  '@rollup/rollup-freebsd-arm64@4.45.0':
    resolution: {integrity: sha1-LMS9O6cCbNU3TpAihc526Prg9us=}
    cpu: [arm64]
    os: [freebsd]

  '@rollup/rollup-freebsd-x64@4.45.0':
    resolution: {integrity: sha1-ZGZLowFd6sRzpdbWxgwGjydL8tU=}
    cpu: [x64]
    os: [freebsd]

  '@rollup/rollup-linux-arm-gnueabihf@4.45.0':
    resolution: {integrity: sha1-erFqyuO8roY+mpvDIDjNBeeUoP8=}
    cpu: [arm]
    os: [linux]
    libc: [glibc]

  '@rollup/rollup-linux-arm-musleabihf@4.45.0':
    resolution: {integrity: sha1-vvkbHpJKtX6C52fcJlUmS73nrMY=}
    cpu: [arm]
    os: [linux]
    libc: [musl]

  '@rollup/rollup-linux-arm64-gnu@4.45.0':
    resolution: {integrity: sha1-CoEbFtozQSX25EVw0LrfVDh29J4=}
    cpu: [arm64]
    os: [linux]
    libc: [glibc]

  '@rollup/rollup-linux-arm64-musl@4.45.0':
    resolution: {integrity: sha1-6MFm7+PLlj+qqSTHch6vut5jA28=}
    cpu: [arm64]
    os: [linux]
    libc: [musl]

  '@rollup/rollup-linux-loongarch64-gnu@4.45.0':
    resolution: {integrity: sha1-I5/uoA+ioec0vf8JuNHJDe8qu/U=}
    cpu: [loong64]
    os: [linux]
    libc: [glibc]

  '@rollup/rollup-linux-powerpc64le-gnu@4.45.0':
    resolution: {integrity: sha1-HeL5Jr3b99aJoIknfBKE6m30ttE=}
    cpu: [ppc64]
    os: [linux]
    libc: [glibc]

  '@rollup/rollup-linux-riscv64-gnu@4.45.0':
    resolution: {integrity: sha1-KNusZDJE5HenuTH+ubR1qoJvhME=}
    cpu: [riscv64]
    os: [linux]
    libc: [glibc]

  '@rollup/rollup-linux-riscv64-musl@4.45.0':
    resolution: {integrity: sha1-XQXurtrew2Jc1Q48pdNe9vlqS/A=}
    cpu: [riscv64]
    os: [linux]
    libc: [musl]

  '@rollup/rollup-linux-s390x-gnu@4.45.0':
    resolution: {integrity: sha1-VbB5D0mft63BTrB0xORq75KRWBM=}
    cpu: [s390x]
    os: [linux]
    libc: [glibc]

  '@rollup/rollup-linux-x64-gnu@4.45.0':
    resolution: {integrity: sha1-6CJjL+WzJLFr3DcUkUnIx2CwMf0=}
    cpu: [x64]
    os: [linux]
    libc: [glibc]

  '@rollup/rollup-linux-x64-musl@4.45.0':
    resolution: {integrity: sha1-GaNgLLj6vX6zCH8KHh4Brawxu/8=}
    cpu: [x64]
    os: [linux]
    libc: [musl]

  '@rollup/rollup-win32-arm64-msvc@4.45.0':
    resolution: {integrity: sha1-QuCL8+pPxGP8nxmcTwMQpzbwPrE=}
    cpu: [arm64]
    os: [win32]

  '@rollup/rollup-win32-ia32-msvc@4.45.0':
    resolution: {integrity: sha1-BD0lVX9Z1+KN/jjuH2Ddy5WggSQ=}
    cpu: [ia32]
    os: [win32]

  '@rollup/rollup-win32-x64-msvc@4.45.0':
    resolution: {integrity: sha1-Cn7srkH0Y9ZZHI/s16XFCHNF7jY=}
    cpu: [x64]
    os: [win32]

  '@types/babel__core@7.20.5':
    resolution: {integrity: sha1-PfFfJ7qFMZyqB7oI0HIYibs5wBc=}

  '@types/babel__generator@7.27.0':
    resolution: {integrity: sha1-tYGSlMUReZV6+uw0FEL5NB5BCKk=}

  '@types/babel__template@7.4.4':
    resolution: {integrity: sha1-VnJRNwHBshmbxtrWNqnXSRWGdm8=}

  '@types/babel__traverse@7.20.7':
    resolution: {integrity: sha1-lozcI2bsPaFZ9hFmQo7kDzcOVsI=}

  '@types/estree@1.0.8':
    resolution: {integrity: sha1-lYuRyZGxhnztMYvt6g4hXuBQcm4=}

  '@types/react-dom@19.1.6':
    resolution: {integrity: sha1-SvYp2g6fnA9Qb8TRyqYQOZxZXWQ=}
    peerDependencies:
      '@types/react': ^19.0.0

  '@types/react@19.1.8':
    resolution: {integrity: sha1-/4OV8q+3ZFlyZc7RX43dsHIK4cM=}

  '@vitejs/plugin-react@4.6.0':
    resolution: {integrity: sha1-Jwe0hfRIBtQtQcY5IYg8/5xU36o=}
    engines: {node: ^14.18.0 || >=16.0.0}
    peerDependencies:
      vite: ^4.2.0 || ^5.0.0 || ^6.0.0 || ^7.0.0-beta.0

  browserslist@4.25.1:
    resolution: {integrity: sha1-up6ObymKHYb4Kcm5deB5SJZ7sRE=}
    engines: {node: ^6 || ^7 || ^8 || ^9 || ^10 || ^11 || ^12 || >=13.7}
    hasBin: true

  buffer-builder@0.2.0:
    resolution: {integrity: sha1-MyLNMH2Cltqx9gRhhZOyYaP63o8=}

  caniuse-lite@1.0.30001727:
    resolution: {integrity: sha1-IulwZCKtN6pQVWr4wQ5A4tk6i4U=}

  colorjs.io@0.5.2:
    resolution: {integrity: sha1-Y7IBObAHWR68M1mTK++EYo6z/O8=}

  convert-source-map@2.0.0:
    resolution: {integrity: sha1-S1YPZJ/E6RjdCrdc9JYei8iC2Co=}

  cookie@1.0.2:
    resolution: {integrity: sha1-JzYHAVMhFr0/H5QWkp0Xav4eRhA=}
    engines: {node: '>=18'}

  csstype@3.1.3:
    resolution: {integrity: sha1-2A/ylNEU+w5qxQD7+FtgE31+/4E=}

  debug@4.4.1:
    resolution: {integrity: sha1-5ai8bLxMbNPmQwiwaTo9T6VQGJs=}
    engines: {node: '>=6.0'}
    peerDependencies:
      supports-color: '*'
    peerDependenciesMeta:
      supports-color:
        optional: true

  electron-to-chromium@1.5.183:
    resolution: {integrity: sha1-OMLhaRBWm2xZW9FtHTnRIYvw/7Y=}

  esbuild@0.25.6:
    resolution: {integrity: sha1-m4Kj2y+hMa7AaasED9V+0KiAzc0=}
    engines: {node: '>=18'}
    hasBin: true

  escalade@3.2.0:
    resolution: {integrity: sha1-ARo/aYVroYnf+n3I/M6Z0qh5A+U=}
    engines: {node: '>=6'}

  fdir@6.4.6:
    resolution: {integrity: sha1-KyaMAjJpcGMRG78/ZIEKKnQbooE=}
    peerDependencies:
      picomatch: ^3 || ^4
    peerDependenciesMeta:
      picomatch:
        optional: true

  fsevents@2.3.3:
    resolution: {integrity: sha1-ysZAd4XQNnWipeGlMFxpezR9kNY=}
    engines: {node: ^8.16.0 || ^10.6.0 || >=11.0.0}
    os: [darwin]

  gensync@1.0.0-beta.2:
    resolution: {integrity: sha1-MqbudsPX9S1GsrGuXZP+qFgKJeA=}
    engines: {node: '>=6.9.0'}

  globals@16.3.0:
    resolution: {integrity: sha1-ZhGOdl3a+eLYgPfhdlhUP5Px9mc=}
    engines: {node: '>=18'}

  has-flag@4.0.0:
    resolution: {integrity: sha1-lEdx/ZyByBJlxNaUGGDaBrtZR5s=}
    engines: {node: '>=8'}

  immutable@5.1.3:
    resolution: {integrity: sha1-5khmlMi3bDfAY8ypI5n6ZAmGNNQ=}

  js-tokens@4.0.0:
    resolution: {integrity: sha1-GSA/tZmR35jjoocFDUZHzerzJJk=}

  jsesc@3.1.0:
    resolution: {integrity: sha1-dNM1ojT2ftGZB/2t+sfM+dQJgl0=}
    engines: {node: '>=6'}
    hasBin: true

  json5@2.2.3:
    resolution: {integrity: sha1-eM1vGhm9wStz21rQxh79ZsHikoM=}
    engines: {node: '>=6'}
    hasBin: true

  lru-cache@5.1.1:
    resolution: {integrity: sha1-HaJ+ZxAnGUdpXa9oSOhH8B2EuSA=}

  ms@2.1.3:
    resolution: {integrity: sha1-V0yBOM4dK1hh8LRFedut1gxmFbI=}

  nanoid@3.3.11:
    resolution: {integrity: sha1-T08RLO++MDIC8hmYOBKJNiZtGFs=}
    engines: {node: ^10 || ^12 || ^13.7 || ^14 || >=15.0.1}
    hasBin: true

  node-releases@2.0.19:
    resolution: {integrity: sha1-nkRaUpUJUexNF32EOvNwtBHK8xQ=}

  picocolors@1.1.1:
    resolution: {integrity: sha1-PTIa8+q5ObCDyPkpodEs2oHCa2s=}

  picomatch@4.0.2:
    resolution: {integrity: sha1-d8dCkx6PO4gglGx2zQwfE3MNHas=}
    engines: {node: '>=12'}

  postcss@8.5.6:
    resolution: {integrity: sha1-KCUAZhWmGbT2Kp50JswSCzSajzw=}
    engines: {node: ^10 || ^12 || >=14}

  react-dom@19.1.0:
    resolution: {integrity: sha1-EzVY3so3+h1oJwjfiQSyUYZ5NiM=}
    peerDependencies:
      react: ^19.1.0

  react-refresh@0.17.0:
    resolution: {integrity: sha1-t+V5w2V/I9BOzL5K0uWKjtUeflM=}
    engines: {node: '>=0.10.0'}

  react-router-dom@7.6.3:
    resolution: {integrity: sha1-RWhucbuVjPgN2Tyjq/QRH+tO3TU=}
    engines: {node: '>=20.0.0'}
    peerDependencies:
      react: '>=18'
      react-dom: '>=18'

  react-router@7.6.3:
    resolution: {integrity: sha1-ek6ltHm2bSxJqPAAgSsjGbTQpto=}
    engines: {node: '>=20.0.0'}
    peerDependencies:
      react: '>=18'
      react-dom: '>=18'
    peerDependenciesMeta:
      react-dom:
        optional: true

  react@19.1.0:
    resolution: {integrity: sha1-kmhktsSNp2J/AEeV1szlDpB5O3U=}
    engines: {node: '>=0.10.0'}

  rollup@4.45.0:
    resolution: {integrity: sha1-ktGxZOyhxvLLOZrnoajueJZ7bjM=}
    engines: {node: '>=18.0.0', npm: '>=8.0.0'}
    hasBin: true

  rxjs@7.8.2:
    resolution: {integrity: sha1-lVvEc+2K8RoAKivlIHG/R1Y4YHs=}

  sass-embedded-android-arm64@1.89.2:
    resolution: {integrity: sha1-l1Rvvurjx0YUNTCba3Ai2zf2XqI=}
    engines: {node: '>=14.0.0'}
    cpu: [arm64]
    os: [android]

  sass-embedded-android-arm@1.89.2:
    resolution: {integrity: sha1-Ar5Gj5JPL51uk4FlB9Pz8gD/ODY=}
    engines: {node: '>=14.0.0'}
    cpu: [arm]
    os: [android]

  sass-embedded-android-riscv64@1.89.2:
    resolution: {integrity: sha1-0ViZRGsDXKustJ0gaJ4FgjoUS8g=}
    engines: {node: '>=14.0.0'}
    cpu: [riscv64]
    os: [android]

  sass-embedded-android-x64@1.89.2:
    resolution: {integrity: sha1-12yZA1oPKDUAbbpsxS8T+kGjETo=}
    engines: {node: '>=14.0.0'}
    cpu: [x64]
    os: [android]

  sass-embedded-darwin-arm64@1.89.2:
    resolution: {integrity: sha1-VxULd2dtTYLoSyGY9faYNBj/8E4=}
    engines: {node: '>=14.0.0'}
    cpu: [arm64]
    os: [darwin]

  sass-embedded-darwin-x64@1.89.2:
    resolution: {integrity: sha1-sLHFq7HQV9qqj4oeKySXR4hloi0=}
    engines: {node: '>=14.0.0'}
    cpu: [x64]
    os: [darwin]

  sass-embedded-linux-arm64@1.89.2:
    resolution: {integrity: sha1-9Nlk2Xc6zV4GVRODfQQSdT5KAqE=}
    engines: {node: '>=14.0.0'}
    cpu: [arm64]
    os: [linux]

  sass-embedded-linux-arm@1.89.2:
    resolution: {integrity: sha1-6c1TyymeboytpWrMgBuEd/mHb7A=}
    engines: {node: '>=14.0.0'}
    cpu: [arm]
    os: [linux]

  sass-embedded-linux-musl-arm64@1.89.2:
    resolution: {integrity: sha1-5QHQDZzwUPy7JhtTJVr4X6fDnHM=}
    engines: {node: '>=14.0.0'}
    cpu: [arm64]
    os: [linux]

  sass-embedded-linux-musl-arm@1.89.2:
    resolution: {integrity: sha1-GwcxWFMrcll1Iuv/7wZYN0ycBLo=}
    engines: {node: '>=14.0.0'}
    cpu: [arm]
    os: [linux]

  sass-embedded-linux-musl-riscv64@1.89.2:
    resolution: {integrity: sha1-BlQuiUaIXQnyzqk5CS0UWu7ubTk=}
    engines: {node: '>=14.0.0'}
    cpu: [riscv64]
    os: [linux]

  sass-embedded-linux-musl-x64@1.89.2:
    resolution: {integrity: sha1-L9RBWXqV9X1w0MRuDowYq09SxZY=}
    engines: {node: '>=14.0.0'}
    cpu: [x64]
    os: [linux]

  sass-embedded-linux-riscv64@1.89.2:
    resolution: {integrity: sha1-7uovvL1bV1ORpbcCCSwOjMA/Zhw=}
    engines: {node: '>=14.0.0'}
    cpu: [riscv64]
    os: [linux]

  sass-embedded-linux-x64@1.89.2:
    resolution: {integrity: sha1-mlgSejEufAEeOiBHD/Vwe5qnhTY=}
    engines: {node: '>=14.0.0'}
    cpu: [x64]
    os: [linux]

  sass-embedded-win32-arm64@1.89.2:
    resolution: {integrity: sha1-fp3ctavjqOyjcJCWhto32mD5fIU=}
    engines: {node: '>=14.0.0'}
    cpu: [arm64]
    os: [win32]

  sass-embedded-win32-x64@1.89.2:
    resolution: {integrity: sha1-n1xxthGo7bxA4cjMR70g2KS98To=}
    engines: {node: '>=14.0.0'}
    cpu: [x64]
    os: [win32]

  sass-embedded@1.89.2:
    resolution: {integrity: sha1-v2zX1qzgbwQwu/ORPJWovoM2eIM=}
    engines: {node: '>=16.0.0'}
    hasBin: true

  scheduler@0.26.0:
    resolution: {integrity: sha1-TOiowqIJXxPqEb+aRFvlDFVdYzc=}

  semver@6.3.1:
    resolution: {integrity: sha1-VW0u+GiRRuRtzqS/3QlfNDTf/LQ=}
    hasBin: true

  set-cookie-parser@2.7.1:
    resolution: {integrity: sha1-MBbxUAciAt++kPre4FNXPMidKUM=}

  source-map-js@1.2.1:
    resolution: {integrity: sha1-HOVlD93YerwJnto33P8CTCZnrkY=}
    engines: {node: '>=0.10.0'}

  supports-color@8.1.1:
    resolution: {integrity: sha1-zW/BfihQDP9WwbhsCn/UpUpzAFw=}
    engines: {node: '>=10'}

  sync-child-process@1.0.2:
    resolution: {integrity: sha1-RefHLnVtEkPoC1R+ouF5V6ueNn8=}
    engines: {node: '>=16.0.0'}

  sync-message-port@1.1.3:
    resolution: {integrity: sha1-YFXFZe6MgdL57lqufbdX5tkIjAw=}
    engines: {node: '>=16.0.0'}

  tinyglobby@0.2.14:
    resolution: {integrity: sha1-UoCwzz+XKwUOdK6IQGwKalj0B50=}
    engines: {node: '>=12.0.0'}

  tslib@2.8.1:
    resolution: {integrity: sha1-YS7+TtI11Wfoq6Xypfq3AoCt6D8=}

  typescript@5.8.3:
    resolution: {integrity: sha1-kvij5ePPSXNW9BeMNM1lp/XoRA4=}
    engines: {node: '>=14.17'}
    hasBin: true

  update-browserslist-db@1.1.3:
    resolution: {integrity: sha1-NIN33SRSFvnnBg/1CxWht0C3VCA=}
    hasBin: true
    peerDependencies:
      browserslist: '>= 4.21.0'

  varint@6.0.0:
    resolution: {integrity: sha1-mIHrDOj+rqZRJDnRnd+Ev1UWYdA=}

  vite@7.0.4:
    resolution: {integrity: sha1-SBIEQWJ3z6fJM4TFWYRHXEJ2sY8=}
    engines: {node: ^20.19.0 || >=22.12.0}
    hasBin: true
    peerDependencies:
      '@types/node': ^20.19.0 || >=22.12.0
      jiti: '>=1.21.0'
      less: ^4.0.0
      lightningcss: ^1.21.0
      sass: ^1.70.0
      sass-embedded: ^1.70.0
      stylus: '>=0.54.8'
      sugarss: ^5.0.0
      terser: ^5.16.0
      tsx: ^4.8.1
      yaml: ^2.4.2
    peerDependenciesMeta:
      '@types/node':
        optional: true
      jiti:
        optional: true
      less:
        optional: true
      lightningcss:
        optional: true
      sass:
        optional: true
      sass-embedded:
        optional: true
      stylus:
        optional: true
      sugarss:
        optional: true
      terser:
        optional: true
      tsx:
        optional: true
      yaml:
        optional: true

  yallist@3.1.1:
    resolution: {integrity: sha1-27fa+b/YusmrRev2ArjLrQ1dCP0=}

snapshots:

  '@ampproject/remapping@2.3.0':
    dependencies:
      '@jridgewell/gen-mapping': 0.3.12
      '@jridgewell/trace-mapping': 0.3.29

  '@babel/code-frame@7.27.1':
    dependencies:
      '@babel/helper-validator-identifier': 7.27.1
      js-tokens: 4.0.0
      picocolors: 1.1.1

  '@babel/compat-data@7.28.0': {}

  '@babel/core@7.28.0':
    dependencies:
      '@ampproject/remapping': 2.3.0
      '@babel/code-frame': 7.27.1
      '@babel/generator': 7.28.0
      '@babel/helper-compilation-targets': 7.27.2
      '@babel/helper-module-transforms': 7.27.3(@babel/core@7.28.0)
      '@babel/helpers': 7.27.6
      '@babel/parser': 7.28.0
      '@babel/template': 7.27.2
      '@babel/traverse': 7.28.0
      '@babel/types': 7.28.1
      convert-source-map: 2.0.0
      debug: 4.4.1
      gensync: 1.0.0-beta.2
      json5: 2.2.3
      semver: 6.3.1
    transitivePeerDependencies:
      - supports-color

  '@babel/generator@7.28.0':
    dependencies:
      '@babel/parser': 7.28.0
      '@babel/types': 7.28.1
      '@jridgewell/gen-mapping': 0.3.12
      '@jridgewell/trace-mapping': 0.3.29
      jsesc: 3.1.0

  '@babel/helper-compilation-targets@7.27.2':
    dependencies:
      '@babel/compat-data': 7.28.0
      '@babel/helper-validator-option': 7.27.1
      browserslist: 4.25.1
      lru-cache: 5.1.1
      semver: 6.3.1

  '@babel/helper-globals@7.28.0': {}

  '@babel/helper-module-imports@7.27.1':
    dependencies:
      '@babel/traverse': 7.28.0
      '@babel/types': 7.28.1
    transitivePeerDependencies:
      - supports-color

  '@babel/helper-module-transforms@7.27.3(@babel/core@7.28.0)':
    dependencies:
      '@babel/core': 7.28.0
      '@babel/helper-module-imports': 7.27.1
      '@babel/helper-validator-identifier': 7.27.1
      '@babel/traverse': 7.28.0
    transitivePeerDependencies:
      - supports-color

  '@babel/helper-plugin-utils@7.27.1': {}

  '@babel/helper-string-parser@7.27.1': {}

  '@babel/helper-validator-identifier@7.27.1': {}

  '@babel/helper-validator-option@7.27.1': {}

  '@babel/helpers@7.27.6':
    dependencies:
      '@babel/template': 7.27.2
      '@babel/types': 7.28.1

  '@babel/parser@7.28.0':
    dependencies:
      '@babel/types': 7.28.1

  '@babel/plugin-transform-react-jsx-self@7.27.1(@babel/core@7.28.0)':
    dependencies:
      '@babel/core': 7.28.0
      '@babel/helper-plugin-utils': 7.27.1

  '@babel/plugin-transform-react-jsx-source@7.27.1(@babel/core@7.28.0)':
    dependencies:
      '@babel/core': 7.28.0
      '@babel/helper-plugin-utils': 7.27.1

  '@babel/template@7.27.2':
    dependencies:
      '@babel/code-frame': 7.27.1
      '@babel/parser': 7.28.0
      '@babel/types': 7.28.1

  '@babel/traverse@7.28.0':
    dependencies:
      '@babel/code-frame': 7.27.1
      '@babel/generator': 7.28.0
      '@babel/helper-globals': 7.28.0
      '@babel/parser': 7.28.0
      '@babel/template': 7.27.2
      '@babel/types': 7.28.1
      debug: 4.4.1
    transitivePeerDependencies:
      - supports-color

  '@babel/types@7.28.1':
    dependencies:
      '@babel/helper-string-parser': 7.27.1
      '@babel/helper-validator-identifier': 7.27.1

  '@biomejs/biome@2.1.1':
    optionalDependencies:
      '@biomejs/cli-darwin-arm64': 2.1.1
      '@biomejs/cli-darwin-x64': 2.1.1
      '@biomejs/cli-linux-arm64': 2.1.1
      '@biomejs/cli-linux-arm64-musl': 2.1.1
      '@biomejs/cli-linux-x64': 2.1.1
      '@biomejs/cli-linux-x64-musl': 2.1.1
      '@biomejs/cli-win32-arm64': 2.1.1
      '@biomejs/cli-win32-x64': 2.1.1

  '@biomejs/cli-darwin-arm64@2.1.1':
    optional: true

  '@biomejs/cli-darwin-x64@2.1.1':
    optional: true

  '@biomejs/cli-linux-arm64-musl@2.1.1':
    optional: true

  '@biomejs/cli-linux-arm64@2.1.1':
    optional: true

  '@biomejs/cli-linux-x64-musl@2.1.1':
    optional: true

  '@biomejs/cli-linux-x64@2.1.1':
    optional: true

  '@biomejs/cli-win32-arm64@2.1.1':
    optional: true

  '@biomejs/cli-win32-x64@2.1.1':
    optional: true

  '@bufbuild/protobuf@2.6.0': {}

  '@esbuild/aix-ppc64@0.25.6':
    optional: true

  '@esbuild/android-arm64@0.25.6':
    optional: true

  '@esbuild/android-arm@0.25.6':
    optional: true

  '@esbuild/android-x64@0.25.6':
    optional: true

  '@esbuild/darwin-arm64@0.25.6':
    optional: true

  '@esbuild/darwin-x64@0.25.6':
    optional: true

  '@esbuild/freebsd-arm64@0.25.6':
    optional: true

  '@esbuild/freebsd-x64@0.25.6':
    optional: true

  '@esbuild/linux-arm64@0.25.6':
    optional: true

  '@esbuild/linux-arm@0.25.6':
    optional: true

  '@esbuild/linux-ia32@0.25.6':
    optional: true

  '@esbuild/linux-loong64@0.25.6':
    optional: true

  '@esbuild/linux-mips64el@0.25.6':
    optional: true

  '@esbuild/linux-ppc64@0.25.6':
    optional: true

  '@esbuild/linux-riscv64@0.25.6':
    optional: true

  '@esbuild/linux-s390x@0.25.6':
    optional: true

  '@esbuild/linux-x64@0.25.6':
    optional: true

  '@esbuild/netbsd-arm64@0.25.6':
    optional: true

  '@esbuild/netbsd-x64@0.25.6':
    optional: true

  '@esbuild/openbsd-arm64@0.25.6':
    optional: true

  '@esbuild/openbsd-x64@0.25.6':
    optional: true

  '@esbuild/openharmony-arm64@0.25.6':
    optional: true

  '@esbuild/sunos-x64@0.25.6':
    optional: true

  '@esbuild/win32-arm64@0.25.6':
    optional: true

  '@esbuild/win32-ia32@0.25.6':
    optional: true

  '@esbuild/win32-x64@0.25.6':
    optional: true

  '@jridgewell/gen-mapping@0.3.12':
    dependencies:
      '@jridgewell/sourcemap-codec': 1.5.4
      '@jridgewell/trace-mapping': 0.3.29

  '@jridgewell/resolve-uri@3.1.2': {}

  '@jridgewell/sourcemap-codec@1.5.4': {}

  '@jridgewell/trace-mapping@0.3.29':
    dependencies:
      '@jridgewell/resolve-uri': 3.1.2
      '@jridgewell/sourcemap-codec': 1.5.4

  '@rolldown/pluginutils@1.0.0-beta.19': {}

  '@rollup/rollup-android-arm-eabi@4.45.0':
    optional: true

  '@rollup/rollup-android-arm64@4.45.0':
    optional: true

  '@rollup/rollup-darwin-arm64@4.45.0':
    optional: true

  '@rollup/rollup-darwin-x64@4.45.0':
    optional: true

  '@rollup/rollup-freebsd-arm64@4.45.0':
    optional: true

  '@rollup/rollup-freebsd-x64@4.45.0':
    optional: true

  '@rollup/rollup-linux-arm-gnueabihf@4.45.0':
    optional: true

  '@rollup/rollup-linux-arm-musleabihf@4.45.0':
    optional: true

  '@rollup/rollup-linux-arm64-gnu@4.45.0':
    optional: true

  '@rollup/rollup-linux-arm64-musl@4.45.0':
    optional: true

  '@rollup/rollup-linux-loongarch64-gnu@4.45.0':
    optional: true

  '@rollup/rollup-linux-powerpc64le-gnu@4.45.0':
    optional: true

  '@rollup/rollup-linux-riscv64-gnu@4.45.0':
    optional: true

  '@rollup/rollup-linux-riscv64-musl@4.45.0':
    optional: true

  '@rollup/rollup-linux-s390x-gnu@4.45.0':
    optional: true

  '@rollup/rollup-linux-x64-gnu@4.45.0':
    optional: true

  '@rollup/rollup-linux-x64-musl@4.45.0':
    optional: true

  '@rollup/rollup-win32-arm64-msvc@4.45.0':
    optional: true

  '@rollup/rollup-win32-ia32-msvc@4.45.0':
    optional: true

  '@rollup/rollup-win32-x64-msvc@4.45.0':
    optional: true

  '@types/babel__core@7.20.5':
    dependencies:
      '@babel/parser': 7.28.0
      '@babel/types': 7.28.1
      '@types/babel__generator': 7.27.0
      '@types/babel__template': 7.4.4
      '@types/babel__traverse': 7.20.7

  '@types/babel__generator@7.27.0':
    dependencies:
      '@babel/types': 7.28.1

  '@types/babel__template@7.4.4':
    dependencies:
      '@babel/parser': 7.28.0
      '@babel/types': 7.28.1

  '@types/babel__traverse@7.20.7':
    dependencies:
      '@babel/types': 7.28.1

  '@types/estree@1.0.8': {}

  '@types/react-dom@19.1.6(@types/react@19.1.8)':
    dependencies:
      '@types/react': 19.1.8

  '@types/react@19.1.8':
    dependencies:
      csstype: 3.1.3

  '@vitejs/plugin-react@4.6.0(vite@7.0.4(sass-embedded@1.89.2))':
    dependencies:
      '@babel/core': 7.28.0
      '@babel/plugin-transform-react-jsx-self': 7.27.1(@babel/core@7.28.0)
      '@babel/plugin-transform-react-jsx-source': 7.27.1(@babel/core@7.28.0)
      '@rolldown/pluginutils': 1.0.0-beta.19
      '@types/babel__core': 7.20.5
      react-refresh: 0.17.0
      vite: 7.0.4(sass-embedded@1.89.2)
    transitivePeerDependencies:
      - supports-color

  browserslist@4.25.1:
    dependencies:
      caniuse-lite: 1.0.30001727
      electron-to-chromium: 1.5.183
      node-releases: 2.0.19
      update-browserslist-db: 1.1.3(browserslist@4.25.1)

  buffer-builder@0.2.0: {}

  caniuse-lite@1.0.30001727: {}

  colorjs.io@0.5.2: {}

  convert-source-map@2.0.0: {}

  cookie@1.0.2: {}

  csstype@3.1.3: {}

  debug@4.4.1:
    dependencies:
      ms: 2.1.3

  electron-to-chromium@1.5.183: {}

  esbuild@0.25.6:
    optionalDependencies:
      '@esbuild/aix-ppc64': 0.25.6
      '@esbuild/android-arm': 0.25.6
      '@esbuild/android-arm64': 0.25.6
      '@esbuild/android-x64': 0.25.6
      '@esbuild/darwin-arm64': 0.25.6
      '@esbuild/darwin-x64': 0.25.6
      '@esbuild/freebsd-arm64': 0.25.6
      '@esbuild/freebsd-x64': 0.25.6
      '@esbuild/linux-arm': 0.25.6
      '@esbuild/linux-arm64': 0.25.6
      '@esbuild/linux-ia32': 0.25.6
      '@esbuild/linux-loong64': 0.25.6
      '@esbuild/linux-mips64el': 0.25.6
      '@esbuild/linux-ppc64': 0.25.6
      '@esbuild/linux-riscv64': 0.25.6
      '@esbuild/linux-s390x': 0.25.6
      '@esbuild/linux-x64': 0.25.6
      '@esbuild/netbsd-arm64': 0.25.6
      '@esbuild/netbsd-x64': 0.25.6
      '@esbuild/openbsd-arm64': 0.25.6
      '@esbuild/openbsd-x64': 0.25.6
      '@esbuild/openharmony-arm64': 0.25.6
      '@esbuild/sunos-x64': 0.25.6
      '@esbuild/win32-arm64': 0.25.6
      '@esbuild/win32-ia32': 0.25.6
      '@esbuild/win32-x64': 0.25.6

  escalade@3.2.0: {}

  fdir@6.4.6(picomatch@4.0.2):
    optionalDependencies:
      picomatch: 4.0.2

  fsevents@2.3.3:
    optional: true

  gensync@1.0.0-beta.2: {}

  globals@16.3.0: {}

  has-flag@4.0.0: {}

  immutable@5.1.3: {}

  js-tokens@4.0.0: {}

  jsesc@3.1.0: {}

  json5@2.2.3: {}

  lru-cache@5.1.1:
    dependencies:
      yallist: 3.1.1

  ms@2.1.3: {}

  nanoid@3.3.11: {}

  node-releases@2.0.19: {}

  picocolors@1.1.1: {}

  picomatch@4.0.2: {}

  postcss@8.5.6:
    dependencies:
      nanoid: 3.3.11
      picocolors: 1.1.1
      source-map-js: 1.2.1

  react-dom@19.1.0(react@19.1.0):
    dependencies:
      react: 19.1.0
      scheduler: 0.26.0

  react-refresh@0.17.0: {}

  react-router-dom@7.6.3(react-dom@19.1.0(react@19.1.0))(react@19.1.0):
    dependencies:
      react: 19.1.0
      react-dom: 19.1.0(react@19.1.0)
      react-router: 7.6.3(react-dom@19.1.0(react@19.1.0))(react@19.1.0)

  react-router@7.6.3(react-dom@19.1.0(react@19.1.0))(react@19.1.0):
    dependencies:
      cookie: 1.0.2
      react: 19.1.0
      set-cookie-parser: 2.7.1
    optionalDependencies:
      react-dom: 19.1.0(react@19.1.0)

  react@19.1.0: {}

  rollup@4.45.0:
    dependencies:
      '@types/estree': 1.0.8
    optionalDependencies:
      '@rollup/rollup-android-arm-eabi': 4.45.0
      '@rollup/rollup-android-arm64': 4.45.0
      '@rollup/rollup-darwin-arm64': 4.45.0
      '@rollup/rollup-darwin-x64': 4.45.0
      '@rollup/rollup-freebsd-arm64': 4.45.0
      '@rollup/rollup-freebsd-x64': 4.45.0
      '@rollup/rollup-linux-arm-gnueabihf': 4.45.0
      '@rollup/rollup-linux-arm-musleabihf': 4.45.0
      '@rollup/rollup-linux-arm64-gnu': 4.45.0
      '@rollup/rollup-linux-arm64-musl': 4.45.0
      '@rollup/rollup-linux-loongarch64-gnu': 4.45.0
      '@rollup/rollup-linux-powerpc64le-gnu': 4.45.0
      '@rollup/rollup-linux-riscv64-gnu': 4.45.0
      '@rollup/rollup-linux-riscv64-musl': 4.45.0
      '@rollup/rollup-linux-s390x-gnu': 4.45.0
      '@rollup/rollup-linux-x64-gnu': 4.45.0
      '@rollup/rollup-linux-x64-musl': 4.45.0
      '@rollup/rollup-win32-arm64-msvc': 4.45.0
      '@rollup/rollup-win32-ia32-msvc': 4.45.0
      '@rollup/rollup-win32-x64-msvc': 4.45.0
      fsevents: 2.3.3

  rxjs@7.8.2:
    dependencies:
      tslib: 2.8.1

  sass-embedded-android-arm64@1.89.2:
    optional: true

  sass-embedded-android-arm@1.89.2:
    optional: true

  sass-embedded-android-riscv64@1.89.2:
    optional: true

  sass-embedded-android-x64@1.89.2:
    optional: true

  sass-embedded-darwin-arm64@1.89.2:
    optional: true

  sass-embedded-darwin-x64@1.89.2:
    optional: true

  sass-embedded-linux-arm64@1.89.2:
    optional: true

  sass-embedded-linux-arm@1.89.2:
    optional: true

  sass-embedded-linux-musl-arm64@1.89.2:
    optional: true

  sass-embedded-linux-musl-arm@1.89.2:
    optional: true

  sass-embedded-linux-musl-riscv64@1.89.2:
    optional: true

  sass-embedded-linux-musl-x64@1.89.2:
    optional: true

  sass-embedded-linux-riscv64@1.89.2:
    optional: true

  sass-embedded-linux-x64@1.89.2:
    optional: true

  sass-embedded-win32-arm64@1.89.2:
    optional: true

  sass-embedded-win32-x64@1.89.2:
    optional: true

  sass-embedded@1.89.2:
    dependencies:
      '@bufbuild/protobuf': 2.6.0
      buffer-builder: 0.2.0
      colorjs.io: 0.5.2
      immutable: 5.1.3
      rxjs: 7.8.2
      supports-color: 8.1.1
      sync-child-process: 1.0.2
      varint: 6.0.0
    optionalDependencies:
      sass-embedded-android-arm: 1.89.2
      sass-embedded-android-arm64: 1.89.2
      sass-embedded-android-riscv64: 1.89.2
      sass-embedded-android-x64: 1.89.2
      sass-embedded-darwin-arm64: 1.89.2
      sass-embedded-darwin-x64: 1.89.2
      sass-embedded-linux-arm: 1.89.2
      sass-embedded-linux-arm64: 1.89.2
      sass-embedded-linux-musl-arm: 1.89.2
      sass-embedded-linux-musl-arm64: 1.89.2
      sass-embedded-linux-musl-riscv64: 1.89.2
      sass-embedded-linux-musl-x64: 1.89.2
      sass-embedded-linux-riscv64: 1.89.2
      sass-embedded-linux-x64: 1.89.2
      sass-embedded-win32-arm64: 1.89.2
      sass-embedded-win32-x64: 1.89.2

  scheduler@0.26.0: {}

  semver@6.3.1: {}

  set-cookie-parser@2.7.1: {}

  source-map-js@1.2.1: {}

  supports-color@8.1.1:
    dependencies:
      has-flag: 4.0.0

  sync-child-process@1.0.2:
    dependencies:
      sync-message-port: 1.1.3

  sync-message-port@1.1.3: {}

  tinyglobby@0.2.14:
    dependencies:
      fdir: 6.4.6(picomatch@4.0.2)
      picomatch: 4.0.2

  tslib@2.8.1: {}

  typescript@5.8.3: {}

  update-browserslist-db@1.1.3(browserslist@4.25.1):
    dependencies:
      browserslist: 4.25.1
      escalade: 3.2.0
      picocolors: 1.1.1

  varint@6.0.0: {}

  vite@7.0.4(sass-embedded@1.89.2):
    dependencies:
      esbuild: 0.25.6
      fdir: 6.4.6(picomatch@4.0.2)
      picomatch: 4.0.2
      postcss: 8.5.6
      rollup: 4.45.0
      tinyglobby: 0.2.14
    optionalDependencies:
      fsevents: 2.3.3
      sass-embedded: 1.89.2

  yallist@3.1.1: {}
